
Microsoft Visual Studio Solution File, Format Version 12.00
# Visual Studio Version 17
VisualStudioVersion = 17.5.33627.172
MinimumVisualStudioVersion = 10.0.40219.1
Project("{FAE04EC0-301F-11D3-BF4B-00C04F79EFBC}") = "ScriptApp", "ScriptApp\ScriptApp.csproj", "{BFD2FDD6-06EA-444B-A051-187D3BBCEB12}"
EndProject
Global
	GlobalSection(SolutionConfigurationPlatforms) = preSolution
		Debug|Any CPU = Debug|Any CPU
		Release|Any CPU = Release|Any CPU
	EndGlobalSection
	GlobalSection(ProjectConfigurationPlatforms) = postSolution
		{BFD2FDD6-06EA-444B-A051-187D3BBCEB12}.Debug|Any CPU.ActiveCfg = Debug|Any CPU
		{BFD2FDD6-06EA-444B-A051-187D3BBCEB12}.Debug|Any CPU.Build.0 = Debug|Any CPU
		{BFD2FDD6-06EA-444B-A051-187D3BBCEB12}.Release|Any CPU.ActiveCfg = Release|Any CPU
		{BFD2FDD6-06EA-444B-A051-187D3BBCEB12}.Release|Any CPU.Build.0 = Release|Any CPU
	EndGlobalSection
	GlobalSection(SolutionProperties) = preSolution
		HideSolutionNode = FALSE
	EndGlobalSection
	GlobalSection(ExtensibilityGlobals) = postSolution
		SolutionGuid = {3ACB8996-223C-49FC-8611-554042CD2155}
	EndGlobalSection
EndGlobal
